// !$*UTF8*$!
{
	archiveVersion = 1;
	classes = {
	};
	objectVersion = 50;
	objects = {

/* Begin PBXBuildFile section */
		DA9638F821E8C6CD00C426A8 /* main.cpp in Sources */ = {isa = PBXBuildFile; fileRef = DA9638EB21E8C6CB00C426A8 /* main.cpp */; };
		DA9638F921E8C6CD00C426A8 /* matrix.cpp in Sources */ = {isa = PBXBuildFile; fileRef = DA9638EC21E8C6CB00C426A8 /* matrix.cpp */; };
		DA9638FA21E8C6CD00C426A8 /* perceptron.cpp in Sources */ = {isa = PBXBuildFile; fileRef = DA9638ED21E8C6CB00C426A8 /* perceptron.cpp */; };
		DA9638FB21E8C6CD00C426A8 /* tests.cpp in Sources */ = {isa = PBXBuildFile; fileRef = DA9638F421E8C6CC00C426A8 /* tests.cpp */; };
		DA9638FD21E8C6CD00C426A8 /* bird.cpp in Sources */ = {isa = PBXBuildFile; fileRef = DA9638F621E8C6CC00C426A8 /* bird.cpp */; };
/* End PBXBuildFile section */

/* Begin PBXCopyFilesBuildPhase section */
		DABDF5B121D112CB00F6D6D4 /* CopyFiles */ = {
			isa = PBXCopyFilesBuildPhase;
			buildActionMask = 2147483647;
			dstPath = /usr/share/man/man1/;
			dstSubfolderSpec = 0;
			files = (
			);
			runOnlyForDeploymentPostprocessing = 1;
		};
/* End PBXCopyFilesBuildPhase section */

/* Begin PBXFileReference section */
		DA9638EA21E8C6CB00C426A8 /* Objects.h */ = {isa = PBXFileReference; lastKnownFileType = sourcecode.c.h; name = Objects.h; path = "/Users/paul/github/FlappyBirdProject/FlappyBird Genetique C++/FlappyBird Genetique C++/FlappyBird Genetique C++/Objects.h"; sourceTree = "<absolute>"; };
		DA9638EB21E8C6CB00C426A8 /* main.cpp */ = {isa = PBXFileReference; lastKnownFileType = sourcecode.cpp.cpp; name = main.cpp; path = "/Users/paul/github/FlappyBirdProject/FlappyBird Genetique C++/FlappyBird Genetique C++/FlappyBird Genetique C++/main.cpp"; sourceTree = "<absolute>"; };
		DA9638EC21E8C6CB00C426A8 /* matrix.cpp */ = {isa = PBXFileReference; lastKnownFileType = sourcecode.cpp.cpp; name = matrix.cpp; path = "/Users/paul/github/FlappyBirdProject/FlappyBird Genetique C++/FlappyBird Genetique C++/FlappyBird Genetique C++/matrix.cpp"; sourceTree = "<absolute>"; };
		DA9638ED21E8C6CB00C426A8 /* perceptron.cpp */ = {isa = PBXFileReference; lastKnownFileType = sourcecode.cpp.cpp; name = perceptron.cpp; path = "/Users/paul/github/FlappyBirdProject/FlappyBird Genetique C++/FlappyBird Genetique C++/FlappyBird Genetique C++/perceptron.cpp"; sourceTree = "<absolute>"; };
		DA9638EE21E8C6CB00C426A8 /* tests.h */ = {isa = PBXFileReference; lastKnownFileType = sourcecode.c.h; name = tests.h; path = "/Users/paul/github/FlappyBirdProject/FlappyBird Genetique C++/FlappyBird Genetique C++/FlappyBird Genetique C++/tests.h"; sourceTree = "<absolute>"; };
		DA9638EF21E8C6CB00C426A8 /* matrix.h */ = {isa = PBXFileReference; lastKnownFileType = sourcecode.c.h; name = matrix.h; path = "/Users/paul/github/FlappyBirdProject/FlappyBird Genetique C++/FlappyBird Genetique C++/FlappyBird Genetique C++/matrix.h"; sourceTree = "<absolute>"; };
		DA9638F021E8C6CB00C426A8 /* bird.h */ = {isa = PBXFileReference; lastKnownFileType = sourcecode.c.h; name = bird.h; path = "/Users/paul/github/FlappyBirdProject/FlappyBird Genetique C++/FlappyBird Genetique C++/FlappyBird Genetique C++/bird.h"; sourceTree = "<absolute>"; };
		DA9638F221E8C6CB00C426A8 /* perceptron.hpp */ = {isa = PBXFileReference; lastKnownFileType = sourcecode.cpp.h; name = perceptron.hpp; path = "/Users/paul/github/FlappyBirdProject/FlappyBird Genetique C++/FlappyBird Genetique C++/FlappyBird Genetique C++/perceptron.hpp"; sourceTree = "<absolute>"; };
		DA9638F421E8C6CC00C426A8 /* tests.cpp */ = {isa = PBXFileReference; lastKnownFileType = sourcecode.cpp.cpp; name = tests.cpp; path = "/Users/paul/github/FlappyBirdProject/FlappyBird Genetique C++/FlappyBird Genetique C++/FlappyBird Genetique C++/tests.cpp"; sourceTree = "<absolute>"; };
		DA9638F621E8C6CC00C426A8 /* bird.cpp */ = {isa = PBXFileReference; lastKnownFileType = sourcecode.cpp.cpp; name = bird.cpp; path = "/Users/paul/github/FlappyBirdProject/FlappyBird Genetique C++/FlappyBird Genetique C++/FlappyBird Genetique C++/bird.cpp"; sourceTree = "<absolute>"; };
		DA9638F721E8C6CC00C426A8 /* perceptron.h */ = {isa = PBXFileReference; lastKnownFileType = sourcecode.c.h; name = perceptron.h; path = "/Users/paul/github/FlappyBirdProject/FlappyBird Genetique C++/FlappyBird Genetique C++/FlappyBird Genetique C++/perceptron.h"; sourceTree = "<absolute>"; };
		DABDF5B321D112CB00F6D6D4 /* FlappyBird Genetique C++ */ = {isa = PBXFileReference; explicitFileType = "compiled.mach-o.executable"; includeInIndex = 0; path = "FlappyBird Genetique C++"; sourceTree = BUILT_PRODUCTS_DIR; };
/* End PBXFileReference section */

/* Begin PBXFrameworksBuildPhase section */
		DABDF5B021D112CB00F6D6D4 /* Frameworks */ = {
			isa = PBXFrameworksBuildPhase;
			buildActionMask = 2147483647;
			files = (
			);
			runOnlyForDeploymentPostprocessing = 0;
		};
/* End PBXFrameworksBuildPhase section */

/* Begin PBXGroup section */
		DABDF5AA21D112CB00F6D6D4 = {
			isa = PBXGroup;
			children = (
				DABDF5B521D112CB00F6D6D4 /* FlappyBird Genetique C++ */,
				DABDF5B421D112CB00F6D6D4 /* Products */,
			);
			sourceTree = "<group>";
		};
		DABDF5B421D112CB00F6D6D4 /* Products */ = {
			isa = PBXGroup;
			children = (
				DABDF5B321D112CB00F6D6D4 /* FlappyBird Genetique C++ */,
			);
			name = Products;
			sourceTree = "<group>";
		};
		DABDF5B521D112CB00F6D6D4 /* FlappyBird Genetique C++ */ = {
			isa = PBXGroup;
			children = (
				DA9638F621E8C6CC00C426A8 /* bird.cpp */,
				DA9638F021E8C6CB00C426A8 /* bird.h */,
				DA9638EB21E8C6CB00C426A8 /* main.cpp */,
				DA9638EC21E8C6CB00C426A8 /* matrix.cpp */,
				DA9638EF21E8C6CB00C426A8 /* matrix.h */,
				DA9638EA21E8C6CB00C426A8 /* Objects.h */,
				DA9638ED21E8C6CB00C426A8 /* perceptron.cpp */,
				DA9638F721E8C6CC00C426A8 /* perceptron.h */,
				DA9638F221E8C6CB00C426A8 /* perceptron.hpp */,
				DA9638F421E8C6CC00C426A8 /* tests.cpp */,
				DA9638EE21E8C6CB00C426A8 /* tests.h */,
			);
			path = "FlappyBird Genetique C++";
			sourceTree = "<group>";
		};
/* End PBXGroup section */

/* Begin PBXNativeTarget section */
		DABDF5B221D112CB00F6D6D4 /* FlappyBird Genetique C++ */ = {
			isa = PBXNativeTarget;
			buildConfigurationList = DABDF5BA21D112CB00F6D6D4 /* Build configuration list for PBXNativeTarget "FlappyBird Genetique C++" */;
			buildPhases = (
				DABDF5AF21D112CB00F6D6D4 /* Sources */,
				DABDF5B021D112CB00F6D6D4 /* Frameworks */,
				DABDF5B121D112CB00F6D6D4 /* CopyFiles */,
			);
			buildRules = (
			);
			dependencies = (
			);
			name = "FlappyBird Genetique C++";
			productName = "FlappyBird Genetique C++";
			productReference = DABDF5B321D112CB00F6D6D4 /* FlappyBird Genetique C++ */;
			productType = "com.apple.product-type.tool";
		};
/* End PBXNativeTarget section */

/* Begin PBXProject section */
		DABDF5AB21D112CB00F6D6D4 /* Project object */ = {
			isa = PBXProject;
			attributes = {
				LastUpgradeCheck = 1010;
				ORGANIZATIONNAME = Paul;
				TargetAttributes = {
					DABDF5B221D112CB00F6D6D4 = {
						CreatedOnToolsVersion = 10.1;
					};
				};
			};
			buildConfigurationList = DABDF5AE21D112CB00F6D6D4 /* Build configuration list for PBXProject "FlappyBird Genetique C++" */;
			compatibilityVersion = "Xcode 9.3";
			developmentRegion = en;
			hasScannedForEncodings = 0;
			knownRegions = (
				en,
			);
			mainGroup = DABDF5AA21D112CB00F6D6D4;
			productRefGroup = DABDF5B421D112CB00F6D6D4 /* Products */;
			projectDirPath = "";
			projectRoot = "";
			targets = (
				DABDF5B221D112CB00F6D6D4 /* FlappyBird Genetique C++ */,
			);
		};
/* End PBXProject section */

/* Begin PBXSourcesBuildPhase section */
		DABDF5AF21D112CB00F6D6D4 /* Sources */ = {
			isa = PBXSourcesBuildPhase;
			buildActionMask = 2147483647;
			files = (
				DA9638F821E8C6CD00C426A8 /* main.cpp in Sources */,
				DA9638FD21E8C6CD00C426A8 /* bird.cpp in Sources */,
				DA9638FA21E8C6CD00C426A8 /* perceptron.cpp in Sources */,
				DA9638F921E8C6CD00C426A8 /* matrix.cpp in Sources */,
				DA9638FB21E8C6CD00C426A8 /* tests.cpp in Sources */,
			);
			runOnlyForDeploymentPostprocessing = 0;
		};
/* End PBXSourcesBuildPhase section */

/* Begin XCBuildConfiguration section */
		DABDF5B821D112CB00F6D6D4 /* Debug */ = {
			isa = XCBuildConfiguration;
			buildSettings = {
				ALWAYS_SEARCH_USER_PATHS = NO;
				CLANG_ANALYZER_NONNULL = YES;
				CLANG_ANALYZER_NUMBER_OBJECT_CONVERSION = YES_AGGRESSIVE;
				CLANG_CXX_LANGUAGE_STANDARD = "gnu++14";
				CLANG_CXX_LIBRARY = "libc++";
				CLANG_ENABLE_MODULES = YES;
				CLANG_ENABLE_OBJC_ARC = YES;
				CLANG_ENABLE_OBJC_WEAK = YES;
				CLANG_WARN_BLOCK_CAPTURE_AUTORELEASING = YES;
				CLANG_WARN_BOOL_CONVERSION = YES;
				CLANG_WARN_COMMA = YES;
				CLANG_WARN_CONSTANT_CONVERSION = YES;
				CLANG_WARN_DEPRECATED_OBJC_IMPLEMENTATIONS = YES;
				CLANG_WARN_DIRECT_OBJC_ISA_USAGE = YES_ERROR;
				CLANG_WARN_DOCUMENTATION_COMMENTS = YES;
				CLANG_WARN_EMPTY_BODY = YES;
				CLANG_WARN_ENUM_CONVERSION = YES;
				CLANG_WARN_INFINITE_RECURSION = YES;
				CLANG_WARN_INT_CONVERSION = YES;
				CLANG_WARN_NON_LITERAL_NULL_CONVERSION = YES;
				CLANG_WARN_OBJC_IMPLICIT_RETAIN_SELF = YES;
				CLANG_WARN_OBJC_LITERAL_CONVERSION = YES;
				CLANG_WARN_OBJC_ROOT_CLASS = YES_ERROR;
				CLANG_WARN_RANGE_LOOP_ANALYSIS = YES;
				CLANG_WARN_STRICT_PROTOTYPES = YES;
				CLANG_WARN_SUSPICIOUS_MOVE = YES;
				CLANG_WARN_UNGUARDED_AVAILABILITY = YES_AGGRESSIVE;
				CLANG_WARN_UNREACHABLE_CODE = YES;
				CLANG_WARN__DUPLICATE_METHOD_MATCH = YES;
				CODE_SIGN_IDENTITY = "Mac Developer";
				COPY_PHASE_STRIP = NO;
				DEBUG_INFORMATION_FORMAT = dwarf;
				ENABLE_STRICT_OBJC_MSGSEND = YES;
				ENABLE_TESTABILITY = YES;
				GCC_C_LANGUAGE_STANDARD = gnu11;
				GCC_DYNAMIC_NO_PIC = NO;
				GCC_NO_COMMON_BLOCKS = YES;
				GCC_OPTIMIZATION_LEVEL = 0;
				GCC_PREPROCESSOR_DEFINITIONS = (
					"DEBUG=1",
					"$(inherited)",
				);
				GCC_WARN_64_TO_32_BIT_CONVERSION = YES;
				GCC_WARN_ABOUT_RETURN_TYPE = YES_ERROR;
				GCC_WARN_UNDECLARED_SELECTOR = YES;
				GCC_WARN_UNINITIALIZED_AUTOS = YES_AGGRESSIVE;
				GCC_WARN_UNUSED_FUNCTION = YES;
				GCC_WARN_UNUSED_VARIABLE = YES;
				MACOSX_DEPLOYMENT_TARGET = 10.14;
				MTL_ENABLE_DEBUG_INFO = INCLUDE_SOURCE;
				MTL_FAST_MATH = YES;
				ONLY_ACTIVE_ARCH = YES;
				SDKROOT = macosx;
			};
			name = Debug;
		};
		DABDF5B921D112CB00F6D6D4 /* Release */ = {
			isa = XCBuildConfiguration;
			buildSettings = {
				ALWAYS_SEARCH_USER_PATHS = NO;
				CLANG_ANALYZER_NONNULL = YES;
				CLANG_ANALYZER_NUMBER_OBJECT_CONVERSION = YES_AGGRESSIVE;
				CLANG_CXX_LANGUAGE_STANDARD = "gnu++14";
				CLANG_CXX_LIBRARY = "libc++";
				CLANG_ENABLE_MODULES = YES;
				CLANG_ENABLE_OBJC_ARC = YES;
				CLANG_ENABLE_OBJC_WEAK = YES;
				CLANG_WARN_BLOCK_CAPTURE_AUTORELEASING = YES;
				CLANG_WARN_BOOL_CONVERSION = YES;
				CLANG_WARN_COMMA = YES;
				CLANG_WARN_CONSTANT_CONVERSION = YES;
				CLANG_WARN_DEPRECATED_OBJC_IMPLEMENTATIONS = YES;
				CLANG_WARN_DIRECT_OBJC_ISA_USAGE = YES_ERROR;
				CLANG_WARN_DOCUMENTATION_COMMENTS = YES;
				CLANG_WARN_EMPTY_BODY = YES;
				CLANG_WARN_ENUM_CONVERSION = YES;
				CLANG_WARN_INFINITE_RECURSION = YES;
				CLANG_WARN_INT_CONVERSION = YES;
				CLANG_WARN_NON_LITERAL_NULL_CONVERSION = YES;
				CLANG_WARN_OBJC_IMPLICIT_RETAIN_SELF = YES;
				CLANG_WARN_OBJC_LITERAL_CONVERSION = YES;
				CLANG_WARN_OBJC_ROOT_CLASS = YES_ERROR;
				CLANG_WARN_RANGE_LOOP_ANALYSIS = YES;
				CLANG_WARN_STRICT_PROTOTYPES = YES;
				CLANG_WARN_SUSPICIOUS_MOVE = YES;
				CLANG_WARN_UNGUARDED_AVAILABILITY = YES_AGGRESSIVE;
				CLANG_WARN_UNREACHABLE_CODE = YES;
				CLANG_WARN__DUPLICATE_METHOD_MATCH = YES;
				CODE_SIGN_IDENTITY = "Mac Developer";
				COPY_PHASE_STRIP = NO;
				DEBUG_INFORMATION_FORMAT = "dwarf-with-dsym";
				ENABLE_NS_ASSERTIONS = NO;
				ENABLE_STRICT_OBJC_MSGSEND = YES;
				GCC_C_LANGUAGE_STANDARD = gnu11;
				GCC_NO_COMMON_BLOCKS = YES;
				GCC_WARN_64_TO_32_BIT_CONVERSION = YES;
				GCC_WARN_ABOUT_RETURN_TYPE = YES_ERROR;
				GCC_WARN_UNDECLARED_SELECTOR = YES;
				GCC_WARN_UNINITIALIZED_AUTOS = YES_AGGRESSIVE;
				GCC_WARN_UNUSED_FUNCTION = YES;
				GCC_WARN_UNUSED_VARIABLE = YES;
				MACOSX_DEPLOYMENT_TARGET = 10.14;
				MTL_ENABLE_DEBUG_INFO = NO;
				MTL_FAST_MATH = YES;
				SDKROOT = macosx;
			};
			name = Release;
		};
		DABDF5BB21D112CB00F6D6D4 /* Debug */ = {
			isa = XCBuildConfiguration;
			buildSettings = {
				CODE_SIGN_STYLE = Automatic;
				DEVELOPMENT_TEAM = G9V6P8WMZ3;
				PRODUCT_NAME = "$(TARGET_NAME)";
			};
			name = Debug;
		};
		DABDF5BC21D112CB00F6D6D4 /* Release */ = {
			isa = XCBuildConfiguration;
			buildSettings = {
				CODE_SIGN_STYLE = Automatic;
				DEVELOPMENT_TEAM = G9V6P8WMZ3;
				PRODUCT_NAME = "$(TARGET_NAME)";
			};
			name = Release;
		};
/* End XCBuildConfiguration section */

/* Begin XCConfigurationList section */
		DABDF5AE21D112CB00F6D6D4 /* Build configuration list for PBXProject "FlappyBird Genetique C++" */ = {
			isa = XCConfigurationList;
			buildConfigurations = (
				DABDF5B821D112CB00F6D6D4 /* Debug */,
				DABDF5B921D112CB00F6D6D4 /* Release */,
			);
			defaultConfigurationIsVisible = 0;
			defaultConfigurationName = Release;
		};
		DABDF5BA21D112CB00F6D6D4 /* Build configuration list for PBXNativeTarget "FlappyBird Genetique C++" */ = {
			isa = XCConfigurationList;
			buildConfigurations = (
				DABDF5BB21D112CB00F6D6D4 /* Debug */,
				DABDF5BC21D112CB00F6D6D4 /* Release */,
			);
			defaultConfigurationIsVisible = 0;
			defaultConfigurationName = Release;
		};
/* End XCConfigurationList section */
	};
	rootObject = DABDF5AB21D112CB00F6D6D4 /* Project object */;
}
